
Microsoft Visual Studio Solution File, Format Version 12.00
# Visual Studio 15
VisualStudioVersion = 15.0.28307.421
MinimumVisualStudioVersion = 10.0.40219.1
Project("{FAE04EC0-301F-11D3-BF4B-00C04F79EFBC}") = "Bowling", "Bowling\Bowling.csproj", "{C695DA97-0963-4E06-B0A1-B269CD158AC0}"
EndProject
Project("{FAE04EC0-301F-11D3-BF4B-00C04F79EFBC}") = "Bowling.Test", "XUnitTestProject1\Bowling.Test.csproj", "{5A232A72-87D5-4DED-87D4-101695622BAE}"
EndProject
Global
	GlobalSection(SolutionConfigurationPlatforms) = preSolution
		Debug|Any CPU = Debug|Any CPU
		Release|Any CPU = Release|Any CPU
	EndGlobalSection
	GlobalSection(ProjectConfigurationPlatforms) = postSolution
		{C695DA97-0963-4E06-B0A1-B269CD158AC0}.Debug|Any CPU.ActiveCfg = Debug|Any CPU
		{C695DA97-0963-4E06-B0A1-B269CD158AC0}.Debug|Any CPU.Build.0 = Debug|Any CPU
		{C695DA97-0963-4E06-B0A1-B269CD158AC0}.Release|Any CPU.ActiveCfg = Release|Any CPU
		{C695DA97-0963-4E06-B0A1-B269CD158AC0}.Release|Any CPU.Build.0 = Release|Any CPU
		{5A232A72-87D5-4DED-87D4-101695622BAE}.Debug|Any CPU.ActiveCfg = Debug|Any CPU
		{5A232A72-87D5-4DED-87D4-101695622BAE}.Debug|Any CPU.Build.0 = Debug|Any CPU
		{5A232A72-87D5-4DED-87D4-101695622BAE}.Release|Any CPU.ActiveCfg = Release|Any CPU
		{5A232A72-87D5-4DED-87D4-101695622BAE}.Release|Any CPU.Build.0 = Release|Any CPU
	EndGlobalSection
	GlobalSection(SolutionProperties) = preSolution
		HideSolutionNode = FALSE
	EndGlobalSection
	GlobalSection(ExtensibilityGlobals) = postSolution
		SolutionGuid = {33F4E47F-372C-4E8A-B6A1-AA316301F753}
	EndGlobalSection
EndGlobal
